
Microsoft Visual Studio Solution File, Format Version 12.00
# Visual Studio Version 17
VisualStudioVersion = 17.5.33424.131
MinimumVisualStudioVersion = 10.0.40219.1
Project("{9A19103F-16F7-4668-BE54-9A1E7A4F7556}") = "Domain", "Domain\Domain.csproj", "{D985290C-1743-4991-B68A-E7FE199DFFE3}"
EndProject
Project("{9A19103F-16F7-4668-BE54-9A1E7A4F7556}") = "WebApi", "WebApi\WebApi.csproj", "{5EED4504-1171-4DDB-8B20-747476E7B207}"
EndProject
Project("{9A19103F-16F7-4668-BE54-9A1E7A4F7556}") = "Repository", "Repository\Repository.csproj", "{F8B5BEC9-24A1-4398-8085-8518F1E20726}"
EndProject
Global
	GlobalSection(SolutionConfigurationPlatforms) = preSolution
		Debug|Any CPU = Debug|Any CPU
		Release|Any CPU = Release|Any CPU
	EndGlobalSection
	GlobalSection(ProjectConfigurationPlatforms) = postSolution
		{D985290C-1743-4991-B68A-E7FE199DFFE3}.Debug|Any CPU.ActiveCfg = Debug|Any CPU
		{D985290C-1743-4991-B68A-E7FE199DFFE3}.Debug|Any CPU.Build.0 = Debug|Any CPU
		{D985290C-1743-4991-B68A-E7FE199DFFE3}.Release|Any CPU.ActiveCfg = Release|Any CPU
		{D985290C-1743-4991-B68A-E7FE199DFFE3}.Release|Any CPU.Build.0 = Release|Any CPU
		{5EED4504-1171-4DDB-8B20-747476E7B207}.Debug|Any CPU.ActiveCfg = Debug|Any CPU
		{5EED4504-1171-4DDB-8B20-747476E7B207}.Debug|Any CPU.Build.0 = Debug|Any CPU
		{5EED4504-1171-4DDB-8B20-747476E7B207}.Release|Any CPU.ActiveCfg = Release|Any CPU
		{5EED4504-1171-4DDB-8B20-747476E7B207}.Release|Any CPU.Build.0 = Release|Any CPU
		{F8B5BEC9-24A1-4398-8085-8518F1E20726}.Debug|Any CPU.ActiveCfg = Debug|Any CPU
		{F8B5BEC9-24A1-4398-8085-8518F1E20726}.Debug|Any CPU.Build.0 = Debug|Any CPU
		{F8B5BEC9-24A1-4398-8085-8518F1E20726}.Release|Any CPU.ActiveCfg = Release|Any CPU
		{F8B5BEC9-24A1-4398-8085-8518F1E20726}.Release|Any CPU.Build.0 = Release|Any CPU
	EndGlobalSection
	GlobalSection(SolutionProperties) = preSolution
		HideSolutionNode = FALSE
	EndGlobalSection
	GlobalSection(ExtensibilityGlobals) = postSolution
		SolutionGuid = {0D564394-940E-42BA-9959-53953ECB9998}
	EndGlobalSection
EndGlobal
